
Microsoft Visual Studio Solution File, Format Version 12.00
# Visual Studio Version 17
VisualStudioVersion = 17.0.31903.59
MinimumVisualStudioVersion = 10.0.40219.1
Project("{2150E333-8FDC-42A3-9474-1A3956D46DE8}") = "src", "src", "{827E0CD3-B72D-47B6-A68D-7590B98EB39B}"
EndProject
Project("{2150E333-8FDC-42A3-9474-1A3956D46DE8}") = "Services", "Services", "{984BB9B3-3FA3-BE33-9484-CAC21695A33C}"
EndProject
Project("{2150E333-8FDC-42A3-9474-1A3956D46DE8}") = "NutritionService", "NutritionService", "{85EC61BB-1530-E206-0957-930E30902C52}"
EndProject
Project("{FAE04EC0-301F-11D3-BF4B-00C04F79EFBC}") = "GymApp.NutritionService.API", "src\Services\NutritionService\GymApp.NutritionService.API\GymApp.NutritionService.API.csproj", "{0C280FBD-F4B3-442C-94C2-4DD436D7E873}"
EndProject
Project("{FAE04EC0-301F-11D3-BF4B-00C04F79EFBC}") = "GymApp.NutritionService.Core", "src\Services\NutritionService\GymApp.NutritionService.Core\GymApp.NutritionService.Core.csproj", "{7A63532C-EC3B-476E-8BD1-688BA7F7AC6A}"
EndProject
Project("{FAE04EC0-301F-11D3-BF4B-00C04F79EFBC}") = "GymApp.NutritionService.Data", "src\Services\NutritionService\GymApp.NutritionService.Data\GymApp.NutritionService.Data.csproj", "{EB1F2C70-1C96-4112-BF01-2B687D5B63D6}"
EndProject
Project("{2150E333-8FDC-42A3-9474-1A3956D46DE8}") = "GymTrackingService", "GymTrackingService", "{70FE7E26-F558-7016-8F76-DA7AC336EC4C}"
EndProject
Project("{FAE04EC0-301F-11D3-BF4B-00C04F79EFBC}") = "GymApp.GymTrackingService.API", "src\Services\GymTrackingService\GymApp.GymTrackingService.API\GymApp.GymTrackingService.API.csproj", "{50BDA76E-A3A3-4F69-B908-F218FCD0DE6C}"
EndProject
Project("{FAE04EC0-301F-11D3-BF4B-00C04F79EFBC}") = "GymApp.GymTrackingService.Core", "src\Services\GymTrackingService\GymApp.GymTrackingService.Core\GymApp.GymTrackingService.Core.csproj", "{EF2AB977-3ADE-4EB4-9B64-1CC06C1100CE}"
EndProject
Project("{FAE04EC0-301F-11D3-BF4B-00C04F79EFBC}") = "GymApp.GymTrackingService.Data", "src\Services\GymTrackingService\GymApp.GymTrackingService.Data\GymApp.GymTrackingService.Data.csproj", "{625E8F53-2EB0-40A1-A208-9B89AF17EAB5}"
EndProject
Global
	GlobalSection(SolutionConfigurationPlatforms) = preSolution
		Debug|Any CPU = Debug|Any CPU
		Debug|x64 = Debug|x64
		Debug|x86 = Debug|x86
		Release|Any CPU = Release|Any CPU
		Release|x64 = Release|x64
		Release|x86 = Release|x86
	EndGlobalSection
	GlobalSection(ProjectConfigurationPlatforms) = postSolution
		{0C280FBD-F4B3-442C-94C2-4DD436D7E873}.Debug|Any CPU.ActiveCfg = Debug|Any CPU
		{0C280FBD-F4B3-442C-94C2-4DD436D7E873}.Debug|Any CPU.Build.0 = Debug|Any CPU
		{0C280FBD-F4B3-442C-94C2-4DD436D7E873}.Debug|x64.ActiveCfg = Debug|Any CPU
		{0C280FBD-F4B3-442C-94C2-4DD436D7E873}.Debug|x64.Build.0 = Debug|Any CPU
		{0C280FBD-F4B3-442C-94C2-4DD436D7E873}.Debug|x86.ActiveCfg = Debug|Any CPU
		{0C280FBD-F4B3-442C-94C2-4DD436D7E873}.Debug|x86.Build.0 = Debug|Any CPU
		{0C280FBD-F4B3-442C-94C2-4DD436D7E873}.Release|Any CPU.ActiveCfg = Release|Any CPU
		{0C280FBD-F4B3-442C-94C2-4DD436D7E873}.Release|Any CPU.Build.0 = Release|Any CPU
		{0C280FBD-F4B3-442C-94C2-4DD436D7E873}.Release|x64.ActiveCfg = Release|Any CPU
		{0C280FBD-F4B3-442C-94C2-4DD436D7E873}.Release|x64.Build.0 = Release|Any CPU
		{0C280FBD-F4B3-442C-94C2-4DD436D7E873}.Release|x86.ActiveCfg = Release|Any CPU
		{0C280FBD-F4B3-442C-94C2-4DD436D7E873}.Release|x86.Build.0 = Release|Any CPU
		{7A63532C-EC3B-476E-8BD1-688BA7F7AC6A}.Debug|Any CPU.ActiveCfg = Debug|Any CPU
		{7A63532C-EC3B-476E-8BD1-688BA7F7AC6A}.Debug|Any CPU.Build.0 = Debug|Any CPU
		{7A63532C-EC3B-476E-8BD1-688BA7F7AC6A}.Debug|x64.ActiveCfg = Debug|Any CPU
		{7A63532C-EC3B-476E-8BD1-688BA7F7AC6A}.Debug|x64.Build.0 = Debug|Any CPU
		{7A63532C-EC3B-476E-8BD1-688BA7F7AC6A}.Debug|x86.ActiveCfg = Debug|Any CPU
		{7A63532C-EC3B-476E-8BD1-688BA7F7AC6A}.Debug|x86.Build.0 = Debug|Any CPU
		{7A63532C-EC3B-476E-8BD1-688BA7F7AC6A}.Release|Any CPU.ActiveCfg = Release|Any CPU
		{7A63532C-EC3B-476E-8BD1-688BA7F7AC6A}.Release|Any CPU.Build.0 = Release|Any CPU
		{7A63532C-EC3B-476E-8BD1-688BA7F7AC6A}.Release|x64.ActiveCfg = Release|Any CPU
		{7A63532C-EC3B-476E-8BD1-688BA7F7AC6A}.Release|x64.Build.0 = Release|Any CPU
		{7A63532C-EC3B-476E-8BD1-688BA7F7AC6A}.Release|x86.ActiveCfg = Release|Any CPU
		{7A63532C-EC3B-476E-8BD1-688BA7F7AC6A}.Release|x86.Build.0 = Release|Any CPU
		{EB1F2C70-1C96-4112-BF01-2B687D5B63D6}.Debug|Any CPU.ActiveCfg = Debug|Any CPU
		{EB1F2C70-1C96-4112-BF01-2B687D5B63D6}.Debug|Any CPU.Build.0 = Debug|Any CPU
		{EB1F2C70-1C96-4112-BF01-2B687D5B63D6}.Debug|x64.ActiveCfg = Debug|Any CPU
		{EB1F2C70-1C96-4112-BF01-2B687D5B63D6}.Debug|x64.Build.0 = Debug|Any CPU
		{EB1F2C70-1C96-4112-BF01-2B687D5B63D6}.Debug|x86.ActiveCfg = Debug|Any CPU
		{EB1F2C70-1C96-4112-BF01-2B687D5B63D6}.Debug|x86.Build.0 = Debug|Any CPU
		{EB1F2C70-1C96-4112-BF01-2B687D5B63D6}.Release|Any CPU.ActiveCfg = Release|Any CPU
		{EB1F2C70-1C96-4112-BF01-2B687D5B63D6}.Release|Any CPU.Build.0 = Release|Any CPU
		{EB1F2C70-1C96-4112-BF01-2B687D5B63D6}.Release|x64.ActiveCfg = Release|Any CPU
		{EB1F2C70-1C96-4112-BF01-2B687D5B63D6}.Release|x64.Build.0 = Release|Any CPU
		{EB1F2C70-1C96-4112-BF01-2B687D5B63D6}.Release|x86.ActiveCfg = Release|Any CPU
		{EB1F2C70-1C96-4112-BF01-2B687D5B63D6}.Release|x86.Build.0 = Release|Any CPU
		{50BDA76E-A3A3-4F69-B908-F218FCD0DE6C}.Debug|Any CPU.ActiveCfg = Debug|Any CPU
		{50BDA76E-A3A3-4F69-B908-F218FCD0DE6C}.Debug|Any CPU.Build.0 = Debug|Any CPU
		{50BDA76E-A3A3-4F69-B908-F218FCD0DE6C}.Debug|x64.ActiveCfg = Debug|Any CPU
		{50BDA76E-A3A3-4F69-B908-F218FCD0DE6C}.Debug|x64.Build.0 = Debug|Any CPU
		{50BDA76E-A3A3-4F69-B908-F218FCD0DE6C}.Debug|x86.ActiveCfg = Debug|Any CPU
		{50BDA76E-A3A3-4F69-B908-F218FCD0DE6C}.Debug|x86.Build.0 = Debug|Any CPU
		{50BDA76E-A3A3-4F69-B908-F218FCD0DE6C}.Release|Any CPU.ActiveCfg = Release|Any CPU
		{50BDA76E-A3A3-4F69-B908-F218FCD0DE6C}.Release|Any CPU.Build.0 = Release|Any CPU
		{50BDA76E-A3A3-4F69-B908-F218FCD0DE6C}.Release|x64.ActiveCfg = Release|Any CPU
		{50BDA76E-A3A3-4F69-B908-F218FCD0DE6C}.Release|x64.Build.0 = Release|Any CPU
		{50BDA76E-A3A3-4F69-B908-F218FCD0DE6C}.Release|x86.ActiveCfg = Release|Any CPU
		{50BDA76E-A3A3-4F69-B908-F218FCD0DE6C}.Release|x86.Build.0 = Release|Any CPU
		{EF2AB977-3ADE-4EB4-9B64-1CC06C1100CE}.Debug|Any CPU.ActiveCfg = Debug|Any CPU
		{EF2AB977-3ADE-4EB4-9B64-1CC06C1100CE}.Debug|Any CPU.Build.0 = Debug|Any CPU
		{EF2AB977-3ADE-4EB4-9B64-1CC06C1100CE}.Debug|x64.ActiveCfg = Debug|Any CPU
		{EF2AB977-3ADE-4EB4-9B64-1CC06C1100CE}.Debug|x64.Build.0 = Debug|Any CPU
		{EF2AB977-3ADE-4EB4-9B64-1CC06C1100CE}.Debug|x86.ActiveCfg = Debug|Any CPU
		{EF2AB977-3ADE-4EB4-9B64-1CC06C1100CE}.Debug|x86.Build.0 = Debug|Any CPU
		{EF2AB977-3ADE-4EB4-9B64-1CC06C1100CE}.Release|Any CPU.ActiveCfg = Release|Any CPU
		{EF2AB977-3ADE-4EB4-9B64-1CC06C1100CE}.Release|Any CPU.Build.0 = Release|Any CPU
		{EF2AB977-3ADE-4EB4-9B64-1CC06C1100CE}.Release|x64.ActiveCfg = Release|Any CPU
		{EF2AB977-3ADE-4EB4-9B64-1CC06C1100CE}.Release|x64.Build.0 = Release|Any CPU
		{EF2AB977-3ADE-4EB4-9B64-1CC06C1100CE}.Release|x86.ActiveCfg = Release|Any CPU
		{EF2AB977-3ADE-4EB4-9B64-1CC06C1100CE}.Release|x86.Build.0 = Release|Any CPU
		{625E8F53-2EB0-40A1-A208-9B89AF17EAB5}.Debug|Any CPU.ActiveCfg = Debug|Any CPU
		{625E8F53-2EB0-40A1-A208-9B89AF17EAB5}.Debug|Any CPU.Build.0 = Debug|Any CPU
		{625E8F53-2EB0-40A1-A208-9B89AF17EAB5}.Debug|x64.ActiveCfg = Debug|Any CPU
		{625E8F53-2EB0-40A1-A208-9B89AF17EAB5}.Debug|x64.Build.0 = Debug|Any CPU
		{625E8F53-2EB0-40A1-A208-9B89AF17EAB5}.Debug|x86.ActiveCfg = Debug|Any CPU
		{625E8F53-2EB0-40A1-A208-9B89AF17EAB5}.Debug|x86.Build.0 = Debug|Any CPU
		{625E8F53-2EB0-40A1-A208-9B89AF17EAB5}.Release|Any CPU.ActiveCfg = Release|Any CPU
		{625E8F53-2EB0-40A1-A208-9B89AF17EAB5}.Release|Any CPU.Build.0 = Release|Any CPU
		{625E8F53-2EB0-40A1-A208-9B89AF17EAB5}.Release|x64.ActiveCfg = Release|Any CPU
		{625E8F53-2EB0-40A1-A208-9B89AF17EAB5}.Release|x64.Build.0 = Release|Any CPU
		{625E8F53-2EB0-40A1-A208-9B89AF17EAB5}.Release|x86.ActiveCfg = Release|Any CPU
		{625E8F53-2EB0-40A1-A208-9B89AF17EAB5}.Release|x86.Build.0 = Release|Any CPU
	EndGlobalSection
	GlobalSection(SolutionProperties) = preSolution
		HideSolutionNode = FALSE
	EndGlobalSection
	GlobalSection(NestedProjects) = preSolution
		{984BB9B3-3FA3-BE33-9484-CAC21695A33C} = {827E0CD3-B72D-47B6-A68D-7590B98EB39B}
		{85EC61BB-1530-E206-0957-930E30902C52} = {984BB9B3-3FA3-BE33-9484-CAC21695A33C}
		{0C280FBD-F4B3-442C-94C2-4DD436D7E873} = {85EC61BB-1530-E206-0957-930E30902C52}
		{7A63532C-EC3B-476E-8BD1-688BA7F7AC6A} = {85EC61BB-1530-E206-0957-930E30902C52}
		{EB1F2C70-1C96-4112-BF01-2B687D5B63D6} = {85EC61BB-1530-E206-0957-930E30902C52}
		{70FE7E26-F558-7016-8F76-DA7AC336EC4C} = {984BB9B3-3FA3-BE33-9484-CAC21695A33C}
		{50BDA76E-A3A3-4F69-B908-F218FCD0DE6C} = {70FE7E26-F558-7016-8F76-DA7AC336EC4C}
		{EF2AB977-3ADE-4EB4-9B64-1CC06C1100CE} = {70FE7E26-F558-7016-8F76-DA7AC336EC4C}
		{625E8F53-2EB0-40A1-A208-9B89AF17EAB5} = {70FE7E26-F558-7016-8F76-DA7AC336EC4C}
	EndGlobalSection
EndGlobal
